<?xml version="1.0" encoding="utf-8"?>
<Project ToolsVersion="4.0" xmlns="http://schemas.microsoft.com/developer/msbuild/2003">
  <ItemGroup>
    <ClCompile Include="Input\AnalogJoystick.cpp">
      <Filter>Input</Filter>
    </ClCompile>
    <ClCompile Include="Audio\AudioSystem.cpp">
      <Filter>Audio</Filter>
    </ClCompile>
    <ClCompile Include="Core\AxisConvention.cpp">
      <Filter>Core</Filter>
    </ClCompile>
    <ClCompile Include="Renderer\buffer_attribute_t.cpp">
      <Filter>Render</Filter>
    </ClCompile>
    <ClCompile Include="Renderer\Camera.cpp">
      <Filter>Render</Filter>
    </ClCompile>
    <ClCompile Include="Physics2D\Collision2D.cpp">
      <Filter>Physics2D</Filter>
    </ClCompile>
    <ClCompile Include="Renderer\D3D11Common.cpp">
      <Filter>Render</Filter>
    </ClCompile>
    <ClCompile Include="Renderer\DebugRender.cpp">
      <Filter>Render</Filter>
    </ClCompile>
    <ClCompile Include="Core\DevConsole.cpp">
      <Filter>Core</Filter>
    </ClCompile>
    <ClCompile Include="Core\ErrorWarningAssert.cpp">
      <Filter>Core</Filter>
    </ClCompile>
    <ClCompile Include="Renderer\GPUMesh.cpp">
      <Filter>Render</Filter>
    </ClCompile>
    <ClCompile Include="..\ThirdParty\imgui\imgui.cpp">
      <Filter>ThirdParty\imgui</Filter>
    </ClCompile>
    <ClCompile Include="..\ThirdParty\imgui\imgui_demo.cpp">
      <Filter>ThirdParty\imgui</Filter>
    </ClCompile>
    <ClCompile Include="..\ThirdParty\imgui\imgui_draw.cpp">
      <Filter>ThirdParty\imgui</Filter>
    </ClCompile>
    <ClCompile Include="..\ThirdParty\imgui\imgui_impl_dx11.cpp">
      <Filter>ThirdParty\imgui</Filter>
    </ClCompile>
    <ClCompile Include="..\ThirdParty\imgui\imgui_impl_win32.cpp">
      <Filter>ThirdParty\imgui</Filter>
    </ClCompile>
    <ClCompile Include="..\ThirdParty\imgui\imgui_plot.cpp">
      <Filter>ThirdParty\imgui</Filter>
    </ClCompile>
    <ClCompile Include="..\ThirdParty\imgui\imgui_widgets.cpp">
      <Filter>ThirdParty\imgui</Filter>
    </ClCompile>
    <ClCompile Include="Input\InputSystem.cpp">
      <Filter>Input</Filter>
    </ClCompile>
    <ClCompile Include="Input\KeyButtonState.cpp">
      <Filter>Input</Filter>
    </ClCompile>
    <ClCompile Include="Physics2D\Manifold2.cpp">
      <Filter>Physics2D</Filter>
    </ClCompile>
    <ClCompile Include="Renderer\Material.cpp">
      <Filter>Render</Filter>
    </ClCompile>
    <ClCompile Include="Math\MathUtils.cpp">
      <Filter>Math</Filter>
    </ClCompile>
    <ClCompile Include="..\ThirdParty\mikktspace\mikktspace.c">
      <Filter>ThirdParty\mikktspace</Filter>
    </ClCompile>
    <ClCompile Include="Input\MouseOptions.cpp">
      <Filter>Input</Filter>
    </ClCompile>
    <ClCompile Include="Core\NamedProperties.cpp">
      <Filter>Core</Filter>
    </ClCompile>
    <ClCompile Include="Core\NamedStrings.cpp">
      <Filter>Core</Filter>
    </ClCompile>
    <ClCompile Include="Network\Network.cpp">
      <Filter>Network</Filter>
    </ClCompile>
    <ClCompile Include="Network\NetworkCommon.cpp">
      <Filter>Network</Filter>
    </ClCompile>
    <ClCompile Include="Physics2D\Physics2D.cpp">
      <Filter>Physics2D</Filter>
    </ClCompile>
    <ClCompile Include="Physics2D\PhysicsMaterial.cpp">
      <Filter>Physics2D</Filter>
    </ClCompile>
    <ClCompile Include="Renderer\RenderContext.cpp">
      <Filter>Render</Filter>
    </ClCompile>
    <ClCompile Include="Core\Rgba8.cpp">
      <Filter>Core</Filter>
    </ClCompile>
    <ClCompile Include="Physics2D\Rigidbody2D.cpp">
      <Filter>Physics2D</Filter>
    </ClCompile>
    <ClCompile Include="Core\Tags.cpp">
      <Filter>Core</Filter>
    </ClCompile>
    <ClCompile Include="Core\Transform.cpp">
      <Filter>Core</Filter>
    </ClCompile>
    <ClCompile Include="Renderer\UISystem.cpp">
      <Filter>Render</Filter>
    </ClCompile>
    <ClCompile Include="Platform\Window.cpp">
      <Filter>Platform</Filter>
    </ClCompile>
    <ClCompile Include="Input\XboxController.cpp">
      <Filter>Input</Filter>
    </ClCompile>
    <ClCompile Include="..\ThirdParty\TinyXML2\tinyxml2.cpp">
      <Filter>ThirdParty\TinyXML2</Filter>
    </ClCompile>
    <ClCompile Include="Core\EngineCommon.cpp">
      <Filter>Core</Filter>
    </ClCompile>
    <ClCompile Include="Renderer\BitmapFont.cpp">
      <Filter>Render\Font</Filter>
    </ClCompile>
    <ClCompile Include="Renderer\Emitter2D.cpp">
      <Filter>Render\Particles</Filter>
    </ClCompile>
    <ClCompile Include="Renderer\IndexBuffer.cpp">
      <Filter>Render\RenderBuffer</Filter>
    </ClCompile>
    <ClCompile Include="Renderer\Particle2D.cpp">
      <Filter>Render\Particles</Filter>
    </ClCompile>
    <ClCompile Include="Renderer\ParticleSystem2D.cpp">
      <Filter>Render\Particles</Filter>
    </ClCompile>
    <ClCompile Include="Renderer\RenderBuffer.cpp">
      <Filter>Render\RenderBuffer</Filter>
    </ClCompile>
    <ClCompile Include="Renderer\Sampler.cpp">
      <Filter>Render\Texture</Filter>
    </ClCompile>
    <ClCompile Include="Renderer\Texture.cpp">
      <Filter>Render\Texture</Filter>
    </ClCompile>
    <ClCompile Include="Renderer\TextureView.cpp">
      <Filter>Render\Texture</Filter>
    </ClCompile>
    <ClCompile Include="Renderer\SwapChain.cpp">
      <Filter>Render\Texture</Filter>
    </ClCompile>
    <ClCompile Include="Renderer\SpriteAnimDefinition.cpp">
      <Filter>Render\Sprite</Filter>
    </ClCompile>
    <ClCompile Include="Renderer\SpriteAnimSet.cpp">
      <Filter>Render\Sprite</Filter>
    </ClCompile>
    <ClCompile Include="Renderer\SpriteDefinition.cpp">
      <Filter>Render\Sprite</Filter>
    </ClCompile>
    <ClCompile Include="Renderer\SpriteSheet.cpp">
      <Filter>Render\Sprite</Filter>
    </ClCompile>
    <ClCompile Include="Renderer\SimpleTriangleFont.cpp">
      <Filter>Render\Font</Filter>
    </ClCompile>
    <ClCompile Include="Renderer\VertexBuffer.cpp">
      <Filter>Render\RenderBuffer</Filter>
    </ClCompile>
    <ClCompile Include="Renderer\Shader.cpp">
      <Filter>Render\Shader</Filter>
    </ClCompile>
    <ClCompile Include="Renderer\ShaderStage.cpp">
      <Filter>Render\Shader</Filter>
    </ClCompile>
    <ClCompile Include="Renderer\ShaderState.cpp">
      <Filter>Render\Shader</Filter>
    </ClCompile>
    <ClCompile Include="Core\Image.cpp">
      <Filter>Core</Filter>
    </ClCompile>
    <ClCompile Include="Physics2D\Collider2D.cpp">
      <Filter>Physics2D\Collider</Filter>
    </ClCompile>
    <ClCompile Include="Physics2D\DiscCollider2D.cpp">
      <Filter>Physics2D\Collider</Filter>
    </ClCompile>
    <ClCompile Include="Physics2D\PolygonCollider2D.cpp">
      <Filter>Physics2D\Collider</Filter>
    </ClCompile>
    <ClCompile Include="Network\TCPClient.cpp">
      <Filter>Network\TCP</Filter>
    </ClCompile>
    <ClCompile Include="Network\TCPData.cpp">
      <Filter>Network\TCP</Filter>
    </ClCompile>
    <ClCompile Include="Network\TCPServer.cpp">
      <Filter>Network\TCP</Filter>
    </ClCompile>
    <ClCompile Include="Network\TCPSocket.cpp">
      <Filter>Network\TCP</Filter>
    </ClCompile>
    <ClCompile Include="Network\UDPSocket.cpp">
      <Filter>Network\UDP</Filter>
    </ClCompile>
    <ClCompile Include="Core\Clock.cpp">
      <Filter>Core\Time</Filter>
    </ClCompile>
    <ClCompile Include="Core\EventSystem.cpp">
      <Filter>Core\Event</Filter>
    </ClCompile>
    <ClCompile Include="Core\FileUtils.cpp">
      <Filter>Core\Utils</Filter>
    </ClCompile>
    <ClCompile Include="Core\MeshUtils.cpp">
      <Filter>Core\Utils</Filter>
    </ClCompile>
    <ClCompile Include="Core\OBJUtils.cpp">
      <Filter>Core\Utils</Filter>
    </ClCompile>
    <ClCompile Include="Core\Time.cpp">
      <Filter>Core\Time</Filter>
    </ClCompile>
    <ClCompile Include="Core\Timer.cpp">
      <Filter>Core\Time</Filter>
    </ClCompile>
    <ClCompile Include="Core\XMLUtils.cpp">
      <Filter>Core\Utils</Filter>
    </ClCompile>
    <ClCompile Include="Core\StringUtils.cpp">
      <Filter>Core\Utils</Filter>
    </ClCompile>
    <ClCompile Include="Core\Vertex_PCU.cpp">
      <Filter>Core\Vertex</Filter>
    </ClCompile>
    <ClCompile Include="Core\Vertex_PCUTBN.cpp">
      <Filter>Core\Vertex</Filter>
    </ClCompile>
    <ClCompile Include="Core\Job.cpp">
      <Filter>Core\MultiThread</Filter>
    </ClCompile>
    <ClCompile Include="Math\RandomNumberGenerator.cpp">
      <Filter>Math\Random</Filter>
    </ClCompile>
    <ClCompile Include="Math\RawNoise.cpp">
      <Filter>Math\Random</Filter>
    </ClCompile>
    <ClCompile Include="Math\SmoothNoise.cpp">
      <Filter>Math\Random</Filter>
    </ClCompile>
    <ClCompile Include="Math\AABB2.cpp">
      <Filter>Math\Shapes</Filter>
    </ClCompile>
    <ClCompile Include="Math\AABB3.cpp">
      <Filter>Math\Shapes</Filter>
    </ClCompile>
    <ClCompile Include="Math\Capsule2.cpp">
      <Filter>Math\Shapes</Filter>
    </ClCompile>
    <ClCompile Include="Math\Disc2.cpp">
      <Filter>Math\Shapes</Filter>
    </ClCompile>
    <ClCompile Include="Math\FloatRange.cpp">
      <Filter>Math\Numbers</Filter>
    </ClCompile>
    <ClCompile Include="Math\IntRange.cpp">
      <Filter>Math\Numbers</Filter>
    </ClCompile>
    <ClCompile Include="Math\IntVec2.cpp">
      <Filter>Math\Numbers</Filter>
    </ClCompile>
    <ClCompile Include="Math\LineSegment2.cpp">
      <Filter>Math\Shapes</Filter>
    </ClCompile>
    <ClCompile Include="Math\Mat44.cpp">
      <Filter>Math\Numbers</Filter>
    </ClCompile>
    <ClCompile Include="Math\MatrixUtils.cpp">
      <Filter>Math\Numbers</Filter>
    </ClCompile>
    <ClCompile Include="Math\OBB2.cpp">
      <Filter>Math\Shapes</Filter>
    </ClCompile>
    <ClCompile Include="Math\OBB3.cpp">
      <Filter>Math\Shapes</Filter>
    </ClCompile>
    <ClCompile Include="Math\Plane2D.cpp">
      <Filter>Math\Shapes</Filter>
    </ClCompile>
    <ClCompile Include="Math\Polygon2D.cpp">
      <Filter>Math\Shapes</Filter>
    </ClCompile>
    <ClCompile Include="Math\Vec2.cpp">
      <Filter>Math\Numbers</Filter>
    </ClCompile>
    <ClCompile Include="Math\Vec3.cpp">
      <Filter>Math\Numbers</Filter>
    </ClCompile>
    <ClCompile Include="Math\Vec4.cpp">
      <Filter>Math\Numbers</Filter>
    </ClCompile>
    <ClCompile Include="Math\Plane3D.cpp">
      <Filter>Math\Shapes</Filter>
    </ClCompile>
    <ClCompile Include="Math\ConvexHull2D.cpp">
      <Filter>Math\Shapes</Filter>
    </ClCompile>
    <ClCompile Include="Math\ConvexHull3D.cpp">
      <Filter>Math\Shapes</Filter>
    </ClCompile>
  </ItemGroup>
  <ItemGroup>
    <ClInclude Include="Input\AnalogJoystick.hpp">
      <Filter>Input</Filter>
    </ClInclude>
    <ClInclude Include="Audio\AudioSystem.hpp">
      <Filter>Audio</Filter>
    </ClInclude>
    <ClInclude Include="Core\AxisConvention.hpp">
      <Filter>Core</Filter>
    </ClInclude>
    <ClInclude Include="Network\BlockingQueue.hpp">
      <Filter>Network</Filter>
    </ClInclude>
    <ClInclude Include="Renderer\buffer_attribute_t.hpp">
      <Filter>Render</Filter>
    </ClInclude>
    <ClInclude Include="Renderer\Camera.hpp">
      <Filter>Render</Filter>
    </ClInclude>
    <ClInclude Include="Physics2D\Collision2D.hpp">
      <Filter>Physics2D</Filter>
    </ClInclude>
    <ClInclude Include="Renderer\D3D11Common.hpp">
      <Filter>Render</Filter>
    </ClInclude>
    <ClInclude Include="Renderer\DebugRender.hpp">
      <Filter>Render</Filter>
    </ClInclude>
    <ClInclude Include="Core\DevConsole.hpp">
      <Filter>Core</Filter>
    </ClInclude>
    <ClInclude Include="Core\ErrorWarningAssert.hpp">
      <Filter>Core</Filter>
    </ClInclude>
    <ClInclude Include="..\ThirdParty\fmod\fmod.h">
      <Filter>ThirdParty\fmod</Filter>
    </ClInclude>
    <ClInclude Include="..\ThirdParty\fmod\fmod.hpp">
      <Filter>ThirdParty\fmod</Filter>
    </ClInclude>
    <ClInclude Include="..\ThirdParty\fmod\fmod_codec.h">
      <Filter>ThirdParty\fmod</Filter>
    </ClInclude>
    <ClInclude Include="..\ThirdParty\fmod\fmod_common.h">
      <Filter>ThirdParty\fmod</Filter>
    </ClInclude>
    <ClInclude Include="..\ThirdParty\fmod\fmod_dsp.h">
      <Filter>ThirdParty\fmod</Filter>
    </ClInclude>
    <ClInclude Include="..\ThirdParty\fmod\fmod_dsp_effects.h">
      <Filter>ThirdParty\fmod</Filter>
    </ClInclude>
    <ClInclude Include="..\ThirdParty\fmod\fmod_errors.h">
      <Filter>ThirdParty\fmod</Filter>
    </ClInclude>
    <ClInclude Include="..\ThirdParty\fmod\fmod_output.h">
      <Filter>ThirdParty\fmod</Filter>
    </ClInclude>
    <ClInclude Include="Renderer\GPUMesh.hpp">
      <Filter>Render</Filter>
    </ClInclude>
    <ClInclude Include="..\ThirdParty\imgui\imconfig.h">
      <Filter>ThirdParty\imgui</Filter>
    </ClInclude>
    <ClInclude Include="..\ThirdParty\imgui\imgui.h">
      <Filter>ThirdParty\imgui</Filter>
    </ClInclude>
    <ClInclude Include="..\ThirdParty\imgui\imgui_impl_dx11.h">
      <Filter>ThirdParty\imgui</Filter>
    </ClInclude>
    <ClInclude Include="..\ThirdParty\imgui\imgui_impl_win32.h">
      <Filter>ThirdParty\imgui</Filter>
    </ClInclude>
    <ClInclude Include="..\ThirdParty\imgui\imgui_internal.h">
      <Filter>ThirdParty\imgui</Filter>
    </ClInclude>
    <ClInclude Include="..\ThirdParty\imgui\imgui_plot.h">
      <Filter>ThirdParty\imgui</Filter>
    </ClInclude>
    <ClInclude Include="..\ThirdParty\imgui\imstb_rectpack.h">
      <Filter>ThirdParty\imgui</Filter>
    </ClInclude>
    <ClInclude Include="..\ThirdParty\imgui\imstb_textedit.h">
      <Filter>ThirdParty\imgui</Filter>
    </ClInclude>
    <ClInclude Include="..\ThirdParty\imgui\imstb_truetype.h">
      <Filter>ThirdParty\imgui</Filter>
    </ClInclude>
    <ClInclude Include="Input\InputSystem.hpp">
      <Filter>Input</Filter>
    </ClInclude>
    <ClInclude Include="Input\KeyButtonState.hpp">
      <Filter>Input</Filter>
    </ClInclude>
    <ClInclude Include="Physics2D\Manifold2.hpp">
      <Filter>Physics2D</Filter>
    </ClInclude>
    <ClInclude Include="Renderer\Material.hpp">
      <Filter>Render</Filter>
    </ClInclude>
    <ClInclude Include="Math\MathUtils.hpp">
      <Filter>Math</Filter>
    </ClInclude>
    <ClInclude Include="..\ThirdParty\mikktspace\mikktspace.h">
      <Filter>ThirdParty\mikktspace</Filter>
    </ClInclude>
    <ClInclude Include="Input\MouseOptions.hpp">
      <Filter>Input</Filter>
    </ClInclude>
    <ClInclude Include="Core\NamedProperties.hpp">
      <Filter>Core</Filter>
    </ClInclude>
    <ClInclude Include="Core\NamedStrings.hpp">
      <Filter>Core</Filter>
    </ClInclude>
    <ClInclude Include="Network\Network.hpp">
      <Filter>Network</Filter>
    </ClInclude>
    <ClInclude Include="Network\NetworkCommon.hpp">
      <Filter>Network</Filter>
    </ClInclude>
    <ClInclude Include="Network\ParallelQueue.hpp">
      <Filter>Network</Filter>
    </ClInclude>
    <ClInclude Include="Physics2D\Physics2D.hpp">
      <Filter>Physics2D</Filter>
    </ClInclude>
    <ClInclude Include="Physics2D\PhysicsMaterial.hpp">
      <Filter>Physics2D</Filter>
    </ClInclude>
    <ClInclude Include="Renderer\RenderCommon.hpp">
      <Filter>Render</Filter>
    </ClInclude>
    <ClInclude Include="Renderer\RenderContext.hpp">
      <Filter>Render</Filter>
    </ClInclude>
    <ClInclude Include="Core\Rgba8.hpp">
      <Filter>Core</Filter>
    </ClInclude>
    <ClInclude Include="Physics2D\Rigidbody2D.hpp">
      <Filter>Physics2D</Filter>
    </ClInclude>
    <ClInclude Include="Core\Tags.hpp">
      <Filter>Core</Filter>
    </ClInclude>
    <ClInclude Include="Core\Transform.hpp">
      <Filter>Core</Filter>
    </ClInclude>
    <ClInclude Include="Renderer\UISystem.hpp">
      <Filter>Render</Filter>
    </ClInclude>
    <ClInclude Include="Platform\Window.hpp">
      <Filter>Platform</Filter>
    </ClInclude>
    <ClInclude Include="Input\XboxController.hpp">
      <Filter>Input</Filter>
    </ClInclude>
    <ClInclude Include="..\ThirdParty\stb\stb_image.h">
      <Filter>ThirdParty\stb</Filter>
    </ClInclude>
    <ClInclude Include="..\ThirdParty\TinyXML2\tinyxml2.h">
      <Filter>ThirdParty\TinyXML2</Filter>
    </ClInclude>
    <ClInclude Include="Core\EngineCommon.hpp">
      <Filter>Core</Filter>
    </ClInclude>
    <ClInclude Include="Renderer\BitmapFont.hpp">
      <Filter>Render\Font</Filter>
    </ClInclude>
    <ClInclude Include="Renderer\Emitter2D.hpp">
      <Filter>Render\Particles</Filter>
    </ClInclude>
    <ClInclude Include="Renderer\IndexBuffer.hpp">
      <Filter>Render\RenderBuffer</Filter>
    </ClInclude>
    <ClInclude Include="Renderer\Particle2D.hpp">
      <Filter>Render\Particles</Filter>
    </ClInclude>
    <ClInclude Include="Renderer\ParticleSystem2D.hpp">
      <Filter>Render\Particles</Filter>
    </ClInclude>
    <ClInclude Include="Renderer\RenderBuffer.hpp">
      <Filter>Render\RenderBuffer</Filter>
    </ClInclude>
    <ClInclude Include="Renderer\Sampler.hpp">
      <Filter>Render\Texture</Filter>
    </ClInclude>
    <ClInclude Include="Renderer\Texture.hpp">
      <Filter>Render\Texture</Filter>
    </ClInclude>
    <ClInclude Include="Renderer\TextureView.hpp">
      <Filter>Render\Texture</Filter>
    </ClInclude>
    <ClInclude Include="Renderer\SwapChain.hpp">
      <Filter>Render\Texture</Filter>
    </ClInclude>
    <ClInclude Include="Renderer\SpriteAnimDefinition.hpp">
      <Filter>Render\Sprite</Filter>
    </ClInclude>
    <ClInclude Include="Renderer\SpriteAnimSet.hpp">
      <Filter>Render\Sprite</Filter>
    </ClInclude>
    <ClInclude Include="Renderer\SpriteDefinition.hpp">
      <Filter>Render\Sprite</Filter>
    </ClInclude>
    <ClInclude Include="Renderer\SpriteSheet.hpp">
      <Filter>Render\Sprite</Filter>
    </ClInclude>
    <ClInclude Include="Renderer\SimpleTriangleFont.hpp">
      <Filter>Render\Font</Filter>
    </ClInclude>
    <ClInclude Include="Renderer\VertexBuffer.hpp">
      <Filter>Render\RenderBuffer</Filter>
    </ClInclude>
    <ClInclude Include="Renderer\ShaderState.hpp">
      <Filter>Render\Shader</Filter>
    </ClInclude>
    <ClInclude Include="Renderer\Shader.hpp">
      <Filter>Render\Shader</Filter>
    </ClInclude>
    <ClInclude Include="Renderer\ShaderStage.hpp">
      <Filter>Render\Shader</Filter>
    </ClInclude>
    <ClInclude Include="Core\Image.hpp">
      <Filter>Core</Filter>
    </ClInclude>
    <ClInclude Include="Physics2D\Collider2D.hpp">
      <Filter>Physics2D\Collider</Filter>
    </ClInclude>
    <ClInclude Include="Physics2D\DiscCollider2D.hpp">
      <Filter>Physics2D\Collider</Filter>
    </ClInclude>
    <ClInclude Include="Physics2D\PolygonCollider2D.hpp">
      <Filter>Physics2D\Collider</Filter>
    </ClInclude>
    <ClInclude Include="Network\TCPClient.hpp">
      <Filter>Network\TCP</Filter>
    </ClInclude>
    <ClInclude Include="Network\TCPData.hpp">
      <Filter>Network\TCP</Filter>
    </ClInclude>
    <ClInclude Include="Network\TCPServer.hpp">
      <Filter>Network\TCP</Filter>
    </ClInclude>
    <ClInclude Include="Network\TCPSocket.hpp">
      <Filter>Network\TCP</Filter>
    </ClInclude>
    <ClInclude Include="Network\UDPSocket.hpp">
      <Filter>Network\UDP</Filter>
    </ClInclude>
    <ClInclude Include="Core\Clock.hpp">
      <Filter>Core\Time</Filter>
    </ClInclude>
    <ClInclude Include="Core\Delegate.hpp">
      <Filter>Core\Event</Filter>
    </ClInclude>
    <ClInclude Include="Core\ConsumedDelegate.hpp">
      <Filter>Core\Event</Filter>
    </ClInclude>
    <ClInclude Include="Core\EventSystem.hpp">
      <Filter>Core\Event</Filter>
    </ClInclude>
    <ClInclude Include="Core\FileUtils.hpp">
      <Filter>Core\Utils</Filter>
    </ClInclude>
    <ClInclude Include="Core\MeshUtils.hpp">
      <Filter>Core\Utils</Filter>
    </ClInclude>
    <ClInclude Include="Core\OBJUtils.hpp">
      <Filter>Core\Utils</Filter>
    </ClInclude>
    <ClInclude Include="Core\Time.hpp">
      <Filter>Core\Time</Filter>
    </ClInclude>
    <ClInclude Include="Core\Timer.hpp">
      <Filter>Core\Time</Filter>
    </ClInclude>
    <ClInclude Include="Core\XMLUtils.hpp">
      <Filter>Core\Utils</Filter>
    </ClInclude>
    <ClInclude Include="Core\StringUtils.hpp">
      <Filter>Core\Utils</Filter>
    </ClInclude>
    <ClInclude Include="Core\Vertex_PCUTBN.hpp">
      <Filter>Core\Vertex</Filter>
    </ClInclude>
    <ClInclude Include="Core\Vertex_PCU.hpp">
      <Filter>Core\Vertex</Filter>
    </ClInclude>
    <ClInclude Include="Core\Job.hpp">
      <Filter>Core\MultiThread</Filter>
    </ClInclude>
    <ClInclude Include="Math\RandomNumberGenerator.hpp">
      <Filter>Math\Random</Filter>
    </ClInclude>
    <ClInclude Include="Math\RawNoise.hpp">
      <Filter>Math\Random</Filter>
    </ClInclude>
    <ClInclude Include="Math\SmoothNoise.hpp">
      <Filter>Math\Random</Filter>
    </ClInclude>
    <ClInclude Include="Math\AABB2.hpp">
      <Filter>Math\Shapes</Filter>
    </ClInclude>
    <ClInclude Include="Math\AABB3.hpp">
      <Filter>Math\Shapes</Filter>
    </ClInclude>
    <ClInclude Include="Math\Capsule2.hpp">
      <Filter>Math\Shapes</Filter>
    </ClInclude>
    <ClInclude Include="Math\Disc2.hpp">
      <Filter>Math\Shapes</Filter>
    </ClInclude>
    <ClInclude Include="Math\FloatRange.hpp">
      <Filter>Math\Numbers</Filter>
    </ClInclude>
    <ClInclude Include="Math\IntRange.hpp">
      <Filter>Math\Numbers</Filter>
    </ClInclude>
    <ClInclude Include="Math\IntVec2.hpp">
      <Filter>Math\Numbers</Filter>
    </ClInclude>
    <ClInclude Include="Math\LineSegment2.hpp">
      <Filter>Math\Shapes</Filter>
    </ClInclude>
    <ClInclude Include="Math\Mat44.hpp">
      <Filter>Math\Numbers</Filter>
    </ClInclude>
    <ClInclude Include="Math\MatrixUtils.hpp">
      <Filter>Math\Numbers</Filter>
    </ClInclude>
    <ClInclude Include="Math\OBB2.hpp">
      <Filter>Math\Shapes</Filter>
    </ClInclude>
    <ClInclude Include="Math\OBB3.hpp">
      <Filter>Math\Shapes</Filter>
    </ClInclude>
    <ClInclude Include="Math\Plane2D.hpp">
      <Filter>Math\Shapes</Filter>
    </ClInclude>
    <ClInclude Include="Math\Polygon2D.hpp">
      <Filter>Math\Shapes</Filter>
    </ClInclude>
    <ClInclude Include="Math\Vec2.hpp">
      <Filter>Math\Numbers</Filter>
    </ClInclude>
    <ClInclude Include="Math\Vec3.hpp">
      <Filter>Math\Numbers</Filter>
    </ClInclude>
    <ClInclude Include="Math\Vec4.hpp">
      <Filter>Math\Numbers</Filter>
    </ClInclude>
    <ClInclude Include="Math\Plane3D.hpp">
      <Filter>Math\Shapes</Filter>
    </ClInclude>
    <ClInclude Include="Math\ConvexHull2D.hpp">
      <Filter>Math\Shapes</Filter>
    </ClInclude>
    <ClInclude Include="Math\ConvexHull3D.hpp">
      <Filter>Math\Shapes</Filter>
    </ClInclude>
  </ItemGroup>
  <ItemGroup>
    <Filter Include="Math">
      <UniqueIdentifier>{c0b216ab-0ce9-4886-aab6-9ebffc374859}</UniqueIdentifier>
    </Filter>
    <Filter Include="Core">
      <UniqueIdentifier>{0ff44a65-05ee-454f-8fdf-822772a9dbbd}</UniqueIdentifier>
    </Filter>
    <Filter Include="Render">
      <UniqueIdentifier>{ef9ad3fd-78d0-4d18-a47b-b522282acfcf}</UniqueIdentifier>
    </Filter>
    <Filter Include="Platform">
      <UniqueIdentifier>{6ce04538-59ec-4644-b01d-2907744c5d58}</UniqueIdentifier>
    </Filter>
    <Filter Include="Physics2D">
      <UniqueIdentifier>{42ebc979-1c0c-4015-9c37-ef367eb97a5d}</UniqueIdentifier>
    </Filter>
    <Filter Include="Network">
      <UniqueIdentifier>{fc61baf5-d84b-4ddc-b84d-f99444eef60f}</UniqueIdentifier>
    </Filter>
    <Filter Include="Input">
      <UniqueIdentifier>{52d90e35-7a20-499a-8611-7cf8f6257cf3}</UniqueIdentifier>
    </Filter>
    <Filter Include="Audio">
      <UniqueIdentifier>{5aeea8f5-518e-4320-b28e-eb4d6d659a5b}</UniqueIdentifier>
    </Filter>
    <Filter Include="ThirdParty">
      <UniqueIdentifier>{09a95ef9-fc1d-44c1-92bc-776461945047}</UniqueIdentifier>
    </Filter>
    <Filter Include="ThirdParty\fmod">
      <UniqueIdentifier>{d3841e4b-2b09-4565-a8fe-6bebb8acaa61}</UniqueIdentifier>
    </Filter>
    <Filter Include="ThirdParty\imgui">
      <UniqueIdentifier>{a5122c47-f883-4db2-ace5-d545e16d382c}</UniqueIdentifier>
    </Filter>
    <Filter Include="ThirdParty\mikktspace">
      <UniqueIdentifier>{3ec3a889-8f20-4466-ac93-7709371ddd20}</UniqueIdentifier>
    </Filter>
    <Filter Include="ThirdParty\stb">
      <UniqueIdentifier>{fc9e624c-eb53-4743-bb38-3c00943ecb53}</UniqueIdentifier>
    </Filter>
    <Filter Include="ThirdParty\TinyXML2">
      <UniqueIdentifier>{79b822b7-28e3-4ca8-8662-c913c63d844f}</UniqueIdentifier>
    </Filter>
    <Filter Include="Render\Font">
      <UniqueIdentifier>{aa393317-87e0-4138-8e44-e072a26946b6}</UniqueIdentifier>
    </Filter>
    <Filter Include="Render\Particles">
      <UniqueIdentifier>{bbb955ab-c0c8-406c-9282-90ce7a76d7bd}</UniqueIdentifier>
    </Filter>
    <Filter Include="Render\RenderBuffer">
      <UniqueIdentifier>{3d299f3b-16f0-4ccd-8052-c06e9ad619e1}</UniqueIdentifier>
    </Filter>
    <Filter Include="Render\Texture">
      <UniqueIdentifier>{d22a9663-b03f-4e00-b668-07bb15ee2259}</UniqueIdentifier>
    </Filter>
    <Filter Include="Render\Sprite">
      <UniqueIdentifier>{9ee4f303-0800-449a-97ba-d512497a6990}</UniqueIdentifier>
    </Filter>
    <Filter Include="Render\Shader">
      <UniqueIdentifier>{9a9d0882-9480-429e-9675-fc5887210c5a}</UniqueIdentifier>
    </Filter>
    <Filter Include="Physics2D\Collider">
      <UniqueIdentifier>{16486f78-f4d3-4d94-8f37-cfa06256cc68}</UniqueIdentifier>
    </Filter>
    <Filter Include="Network\TCP">
      <UniqueIdentifier>{0598f6ed-5a0f-462c-96d8-26eaedc01700}</UniqueIdentifier>
    </Filter>
    <Filter Include="Network\UDP">
      <UniqueIdentifier>{95fe9a36-ebd5-4d01-90c5-d234cea46294}</UniqueIdentifier>
    </Filter>
    <Filter Include="Core\Utils">
      <UniqueIdentifier>{bea98d15-51d7-402e-9707-5994f4e3af71}</UniqueIdentifier>
    </Filter>
    <Filter Include="Core\Time">
      <UniqueIdentifier>{aa5f27f3-f48d-4304-8dda-52cb7c616298}</UniqueIdentifier>
    </Filter>
    <Filter Include="Core\Event">
      <UniqueIdentifier>{bf23f70a-e86e-40fc-bf08-d2927ec35e8e}</UniqueIdentifier>
    </Filter>
    <Filter Include="Core\Vertex">
      <UniqueIdentifier>{7cfab372-81cb-45c1-af9f-a1fdea7478ac}</UniqueIdentifier>
    </Filter>
    <Filter Include="Core\MultiThread">
      <UniqueIdentifier>{b8a670bc-4340-4ef8-b2c0-ae70c95a3fed}</UniqueIdentifier>
    </Filter>
    <Filter Include="Math\Random">
      <UniqueIdentifier>{666a880d-fefa-45a4-b3fe-4d302c5255ef}</UniqueIdentifier>
    </Filter>
    <Filter Include="Math\Shapes">
      <UniqueIdentifier>{27a02ed9-21ce-4efa-90bd-da034754ed93}</UniqueIdentifier>
    </Filter>
    <Filter Include="Math\Numbers">
      <UniqueIdentifier>{154a18ee-1f23-462f-96c8-4d782ebc7c5b}</UniqueIdentifier>
    </Filter>
  </ItemGroup>
</Project>